
Microsoft Visual Studio Solution File, Format Version 12.00
# Visual Studio Version 17
VisualStudioVersion = 17.14.36301.6 d17.14
MinimumVisualStudioVersion = 10.0.40219.1
Project("{FAE04EC0-301F-11D3-BF4B-00C04F79EFBC}") = "Intro to monogame", "Intro to monogame.csproj", "{F2B53FB0-B2FA-46EE-ABFA-C186A1A9CA7A}"
EndProject
Global
	GlobalSection(SolutionConfigurationPlatforms) = preSolution
		Debug|Any CPU = Debug|Any CPU
		Release|Any CPU = Release|Any CPU
	EndGlobalSection
	GlobalSection(ProjectConfigurationPlatforms) = postSolution
		{F2B53FB0-B2FA-46EE-ABFA-C186A1A9CA7A}.Debug|Any CPU.ActiveCfg = Debug|Any CPU
		{F2B53FB0-B2FA-46EE-ABFA-C186A1A9CA7A}.Debug|Any CPU.Build.0 = Debug|Any CPU
		{F2B53FB0-B2FA-46EE-ABFA-C186A1A9CA7A}.Release|Any CPU.ActiveCfg = Release|Any CPU
		{F2B53FB0-B2FA-46EE-ABFA-C186A1A9CA7A}.Release|Any CPU.Build.0 = Release|Any CPU
	EndGlobalSection
	GlobalSection(SolutionProperties) = preSolution
		HideSolutionNode = FALSE
	EndGlobalSection
	GlobalSection(ExtensibilityGlobals) = postSolution
		SolutionGuid = {DF17883A-21EA-4DBA-ACAA-ED7BF9F2B962}
	EndGlobalSection
EndGlobal
